// !$*UTF8*$!
{
	archiveVersion = 1;
	classes = {
	};
	objectVersion = 46;
	objects = {

/* Begin PBXBuildFile section */
		9419FD4A1B18CCE900756D68 /* CharityProject.m in Sources */ = {isa = PBXBuildFile; fileRef = 9419FD491B18CCE900756D68 /* CharityProject.m */; };
		9458FCFF1B151A4A00E819FB /* ParseDataAPI.h in CopyFiles */ = {isa = PBXBuildFile; fileRef = 9458FCFE1B151A4A00E819FB /* ParseDataAPI.h */; };
		9458FD011B151A4A00E819FB /* ParseDataAPI.m in Sources */ = {isa = PBXBuildFile; fileRef = 9458FD001B151A4A00E819FB /* ParseDataAPI.m */; };
		9458FD131B1619EF00E819FB /* CharitySalaries.m in Sources */ = {isa = PBXBuildFile; fileRef = 9458FD121B1619EF00E819FB /* CharitySalaries.m */; };
		9458FD1E1B1653EE00E819FB /* ParseDataAPI_Tests.m in Sources */ = {isa = PBXBuildFile; fileRef = 9458FD1D1B1653EE00E819FB /* ParseDataAPI_Tests.m */; };
		94ED619E1B1E032C0045BE29 /* ProvState.m in Sources */ = {isa = PBXBuildFile; fileRef = 94ED619D1B1E032C0045BE29 /* ProvState.m */; };
		94ED61A11B1E047B0045BE29 /* CharityFiles.m in Sources */ = {isa = PBXBuildFile; fileRef = 94ED61A01B1E047B0045BE29 /* CharityFiles.m */; };
		94ED61A71B1E08860045BE29 /* CharityDetails.m in Sources */ = {isa = PBXBuildFile; fileRef = 94ED61A61B1E08860045BE29 /* CharityDetails.m */; };
		94ED61AD1B1E44300045BE29 /* FinancialDetails.m in Sources */ = {isa = PBXBuildFile; fileRef = 94ED61AC1B1E44300045BE29 /* FinancialDetails.m */; };
		94ED61B31B1E53330045BE29 /* SearchCharities.m in Sources */ = {isa = PBXBuildFile; fileRef = 94ED61B21B1E53330045BE29 /* SearchCharities.m */; };
		94ED61B61B1E54D70045BE29 /* ContactInfoDetails.m in Sources */ = {isa = PBXBuildFile; fileRef = 94ED61B51B1E54D70045BE29 /* ContactInfoDetails.m */; };
		94ED61BF1B1E5B4A0045BE29 /* DonationURL.m in Sources */ = {isa = PBXBuildFile; fileRef = 94ED61BE1B1E5B4A0045BE29 /* DonationURL.m */; };
		94ED61C21B1E5C2F0045BE29 /* Info.m in Sources */ = {isa = PBXBuildFile; fileRef = 94ED61C11B1E5C2F0045BE29 /* Info.m */; };
		94ED61C51B1E5FF80045BE29 /* GiveAPI.m in Sources */ = {isa = PBXBuildFile; fileRef = 94ED61C41B1E5FF80045BE29 /* GiveAPI.m */; };
/* End PBXBuildFile section */

/* Begin PBXCopyFilesBuildPhase section */
		9458FCF91B151A4A00E819FB /* CopyFiles */ = {
			isa = PBXCopyFilesBuildPhase;
			buildActionMask = 2147483647;
			dstPath = "include/$(PRODUCT_NAME)";
			dstSubfolderSpec = 16;
			files = (
				9458FCFF1B151A4A00E819FB /* ParseDataAPI.h in CopyFiles */,
			);
			runOnlyForDeploymentPostprocessing = 0;
		};
/* End PBXCopyFilesBuildPhase section */

/* Begin PBXFileReference section */
		9419FD481B18CCE900756D68 /* CharityProject.h */ = {isa = PBXFileReference; fileEncoding = 4; lastKnownFileType = sourcecode.c.h; path = CharityProject.h; sourceTree = "<group>"; };
		9419FD491B18CCE900756D68 /* CharityProject.m */ = {isa = PBXFileReference; fileEncoding = 4; lastKnownFileType = sourcecode.c.objc; path = CharityProject.m; sourceTree = "<group>"; };
		9458FCFB1B151A4A00E819FB /* libParseDataAPI.a */ = {isa = PBXFileReference; explicitFileType = archive.ar; includeInIndex = 0; path = libParseDataAPI.a; sourceTree = BUILT_PRODUCTS_DIR; };
		9458FCFE1B151A4A00E819FB /* ParseDataAPI.h */ = {isa = PBXFileReference; lastKnownFileType = sourcecode.c.h; path = ParseDataAPI.h; sourceTree = "<group>"; };
		9458FD001B151A4A00E819FB /* ParseDataAPI.m */ = {isa = PBXFileReference; lastKnownFileType = sourcecode.c.objc; path = ParseDataAPI.m; sourceTree = "<group>"; };
		9458FD061B151A4A00E819FB /* ParseDataAPITests.xctest */ = {isa = PBXFileReference; explicitFileType = wrapper.cfbundle; includeInIndex = 0; path = ParseDataAPITests.xctest; sourceTree = BUILT_PRODUCTS_DIR; };
		9458FD091B151A4A00E819FB /* Info.plist */ = {isa = PBXFileReference; lastKnownFileType = text.plist.xml; path = Info.plist; sourceTree = "<group>"; };
		9458FD121B1619EF00E819FB /* CharitySalaries.m */ = {isa = PBXFileReference; fileEncoding = 4; lastKnownFileType = sourcecode.c.objc; path = CharitySalaries.m; sourceTree = "<group>"; };
		9458FD141B161A4200E819FB /* CharitySalaries.h */ = {isa = PBXFileReference; fileEncoding = 4; lastKnownFileType = sourcecode.c.h; path = CharitySalaries.h; sourceTree = "<group>"; };
		9458FD191B1653EE00E819FB /* ParseDataAPI Tests.xctest */ = {isa = PBXFileReference; explicitFileType = wrapper.cfbundle; includeInIndex = 0; path = "ParseDataAPI Tests.xctest"; sourceTree = BUILT_PRODUCTS_DIR; };
		9458FD1C1B1653EE00E819FB /* Info.plist */ = {isa = PBXFileReference; lastKnownFileType = text.plist.xml; path = Info.plist; sourceTree = "<group>"; };
		9458FD1D1B1653EE00E819FB /* ParseDataAPI_Tests.m */ = {isa = PBXFileReference; lastKnownFileType = sourcecode.c.objc; path = ParseDataAPI_Tests.m; sourceTree = "<group>"; };
		94ED619C1B1E032C0045BE29 /* ProvState.h */ = {isa = PBXFileReference; fileEncoding = 4; lastKnownFileType = sourcecode.c.h; path = ProvState.h; sourceTree = "<group>"; };
		94ED619D1B1E032C0045BE29 /* ProvState.m */ = {isa = PBXFileReference; fileEncoding = 4; lastKnownFileType = sourcecode.c.objc; path = ProvState.m; sourceTree = "<group>"; };
		94ED619F1B1E047B0045BE29 /* CharityFiles.h */ = {isa = PBXFileReference; fileEncoding = 4; lastKnownFileType = sourcecode.c.h; path = CharityFiles.h; sourceTree = "<group>"; };
		94ED61A01B1E047B0045BE29 /* CharityFiles.m */ = {isa = PBXFileReference; fileEncoding = 4; lastKnownFileType = sourcecode.c.objc; path = CharityFiles.m; sourceTree = "<group>"; };
		94ED61A51B1E08860045BE29 /* CharityDetails.h */ = {isa = PBXFileReference; fileEncoding = 4; lastKnownFileType = sourcecode.c.h; path = CharityDetails.h; sourceTree = "<group>"; };
		94ED61A61B1E08860045BE29 /* CharityDetails.m */ = {isa = PBXFileReference; fileEncoding = 4; lastKnownFileType = sourcecode.c.objc; path = CharityDetails.m; sourceTree = "<group>"; };
		94ED61AB1B1E44300045BE29 /* FinancialDetails.h */ = {isa = PBXFileReference; fileEncoding = 4; lastKnownFileType = sourcecode.c.h; path = FinancialDetails.h; sourceTree = "<group>"; };
		94ED61AC1B1E44300045BE29 /* FinancialDetails.m */ = {isa = PBXFileReference; fileEncoding = 4; lastKnownFileType = sourcecode.c.objc; path = FinancialDetails.m; sourceTree = "<group>"; };
		94ED61B11B1E53330045BE29 /* SearchCharities.h */ = {isa = PBXFileReference; fileEncoding = 4; lastKnownFileType = sourcecode.c.h; path = SearchCharities.h; sourceTree = "<group>"; };
		94ED61B21B1E53330045BE29 /* SearchCharities.m */ = {isa = PBXFileReference; fileEncoding = 4; lastKnownFileType = sourcecode.c.objc; path = SearchCharities.m; sourceTree = "<group>"; };
		94ED61B41B1E54D70045BE29 /* ContactInfoDetails.h */ = {isa = PBXFileReference; fileEncoding = 4; lastKnownFileType = sourcecode.c.h; path = ContactInfoDetails.h; sourceTree = "<group>"; };
		94ED61B51B1E54D70045BE29 /* ContactInfoDetails.m */ = {isa = PBXFileReference; fileEncoding = 4; lastKnownFileType = sourcecode.c.objc; path = ContactInfoDetails.m; sourceTree = "<group>"; };
		94ED61BD1B1E5B4A0045BE29 /* DonationURL.h */ = {isa = PBXFileReference; fileEncoding = 4; lastKnownFileType = sourcecode.c.h; path = DonationURL.h; sourceTree = "<group>"; };
		94ED61BE1B1E5B4A0045BE29 /* DonationURL.m */ = {isa = PBXFileReference; fileEncoding = 4; lastKnownFileType = sourcecode.c.objc; path = DonationURL.m; sourceTree = "<group>"; };
		94ED61C01B1E5C2F0045BE29 /* Info.h */ = {isa = PBXFileReference; fileEncoding = 4; lastKnownFileType = sourcecode.c.h; path = Info.h; sourceTree = "<group>"; };
		94ED61C11B1E5C2F0045BE29 /* Info.m */ = {isa = PBXFileReference; fileEncoding = 4; lastKnownFileType = sourcecode.c.objc; path = Info.m; sourceTree = "<group>"; };
		94ED61C31B1E5FF80045BE29 /* GiveAPI.h */ = {isa = PBXFileReference; fileEncoding = 4; lastKnownFileType = sourcecode.c.h; path = GiveAPI.h; sourceTree = "<group>"; };
		94ED61C41B1E5FF80045BE29 /* GiveAPI.m */ = {isa = PBXFileReference; fileEncoding = 4; lastKnownFileType = sourcecode.c.objc; path = GiveAPI.m; sourceTree = "<group>"; };
/* End PBXFileReference section */

/* Begin PBXFrameworksBuildPhase section */
		9458FCF81B151A4A00E819FB /* Frameworks */ = {
			isa = PBXFrameworksBuildPhase;
			buildActionMask = 2147483647;
			files = (
			);
			runOnlyForDeploymentPostprocessing = 0;
		};
		9458FD031B151A4A00E819FB /* Frameworks */ = {
			isa = PBXFrameworksBuildPhase;
			buildActionMask = 2147483647;
			files = (
			);
			runOnlyForDeploymentPostprocessing = 0;
		};
		9458FD161B1653EE00E819FB /* Frameworks */ = {
			isa = PBXFrameworksBuildPhase;
			buildActionMask = 2147483647;
			files = (
			);
			runOnlyForDeploymentPostprocessing = 0;
		};
/* End PBXFrameworksBuildPhase section */

/* Begin PBXGroup section */
		9458FCF21B151A4A00E819FB = {
			isa = PBXGroup;
			children = (
				9458FCFD1B151A4A00E819FB /* ParseDataAPI */,
				9458FD071B151A4A00E819FB /* ParseDataAPITests */,
				9458FD1A1B1653EE00E819FB /* ParseDataAPI Tests */,
				9458FCFC1B151A4A00E819FB /* Products */,
			);
			sourceTree = "<group>";
		};
		9458FCFC1B151A4A00E819FB /* Products */ = {
			isa = PBXGroup;
			children = (
				9458FCFB1B151A4A00E819FB /* libParseDataAPI.a */,
				9458FD061B151A4A00E819FB /* ParseDataAPITests.xctest */,
				9458FD191B1653EE00E819FB /* ParseDataAPI Tests.xctest */,
			);
			name = Products;
			sourceTree = "<group>";
		};
		9458FCFD1B151A4A00E819FB /* ParseDataAPI */ = {
			isa = PBXGroup;
			children = (
				9458FCFE1B151A4A00E819FB /* ParseDataAPI.h */,
				9458FD001B151A4A00E819FB /* ParseDataAPI.m */,
				9458FD121B1619EF00E819FB /* CharitySalaries.m */,
				9458FD141B161A4200E819FB /* CharitySalaries.h */,
				9419FD481B18CCE900756D68 /* CharityProject.h */,
				9419FD491B18CCE900756D68 /* CharityProject.m */,
				94ED619C1B1E032C0045BE29 /* ProvState.h */,
				94ED619D1B1E032C0045BE29 /* ProvState.m */,
				94ED619F1B1E047B0045BE29 /* CharityFiles.h */,
				94ED61A01B1E047B0045BE29 /* CharityFiles.m */,
				94ED61A51B1E08860045BE29 /* CharityDetails.h */,
				94ED61A61B1E08860045BE29 /* CharityDetails.m */,
				94ED61AB1B1E44300045BE29 /* FinancialDetails.h */,
				94ED61AC1B1E44300045BE29 /* FinancialDetails.m */,
				94ED61B11B1E53330045BE29 /* SearchCharities.h */,
				94ED61B21B1E53330045BE29 /* SearchCharities.m */,
				94ED61B41B1E54D70045BE29 /* ContactInfoDetails.h */,
				94ED61B51B1E54D70045BE29 /* ContactInfoDetails.m */,
				94ED61BD1B1E5B4A0045BE29 /* DonationURL.h */,
				94ED61BE1B1E5B4A0045BE29 /* DonationURL.m */,
				94ED61C01B1E5C2F0045BE29 /* Info.h */,
				94ED61C11B1E5C2F0045BE29 /* Info.m */,
				94ED61C31B1E5FF80045BE29 /* GiveAPI.h */,
				94ED61C41B1E5FF80045BE29 /* GiveAPI.m */,
			);
			path = ParseDataAPI;
			sourceTree = "<group>";
		};
		9458FD071B151A4A00E819FB /* ParseDataAPITests */ = {
			isa = PBXGroup;
			children = (
				9458FD081B151A4A00E819FB /* Supporting Files */,
			);
			path = ParseDataAPITests;
			sourceTree = "<group>";
		};
		9458FD081B151A4A00E819FB /* Supporting Files */ = {
			isa = PBXGroup;
			children = (
				9458FD091B151A4A00E819FB /* Info.plist */,
			);
			name = "Supporting Files";
			sourceTree = "<group>";
		};
		9458FD1A1B1653EE00E819FB /* ParseDataAPI Tests */ = {
			isa = PBXGroup;
			children = (
				9458FD1D1B1653EE00E819FB /* ParseDataAPI_Tests.m */,
				9458FD1B1B1653EE00E819FB /* Supporting Files */,
			);
			path = "ParseDataAPI Tests";
			sourceTree = "<group>";
		};
		9458FD1B1B1653EE00E819FB /* Supporting Files */ = {
			isa = PBXGroup;
			children = (
				9458FD1C1B1653EE00E819FB /* Info.plist */,
			);
			name = "Supporting Files";
			sourceTree = "<group>";
		};
/* End PBXGroup section */

/* Begin PBXNativeTarget section */
		9458FCFA1B151A4A00E819FB /* ParseDataAPI */ = {
			isa = PBXNativeTarget;
			buildConfigurationList = 9458FD0C1B151A4A00E819FB /* Build configuration list for PBXNativeTarget "ParseDataAPI" */;
			buildPhases = (
				9458FCF71B151A4A00E819FB /* Sources */,
				9458FCF81B151A4A00E819FB /* Frameworks */,
				9458FCF91B151A4A00E819FB /* CopyFiles */,
			);
			buildRules = (
			);
			dependencies = (
			);
			name = ParseDataAPI;
			productName = ParseDataAPI;
			productReference = 9458FCFB1B151A4A00E819FB /* libParseDataAPI.a */;
			productType = "com.apple.product-type.library.static";
		};
		9458FD051B151A4A00E819FB /* ParseDataAPITests */ = {
			isa = PBXNativeTarget;
			buildConfigurationList = 9458FD0F1B151A4A00E819FB /* Build configuration list for PBXNativeTarget "ParseDataAPITests" */;
			buildPhases = (
				9458FD021B151A4A00E819FB /* Sources */,
				9458FD031B151A4A00E819FB /* Frameworks */,
				9458FD041B151A4A00E819FB /* Resources */,
			);
			buildRules = (
			);
			dependencies = (
			);
			name = ParseDataAPITests;
			productName = ParseDataAPITests;
			productReference = 9458FD061B151A4A00E819FB /* ParseDataAPITests.xctest */;
			productType = "com.apple.product-type.bundle.unit-test";
		};
		9458FD181B1653EE00E819FB /* ParseDataAPI Tests */ = {
			isa = PBXNativeTarget;
			buildConfigurationList = 9458FD1F1B1653EE00E819FB /* Build configuration list for PBXNativeTarget "ParseDataAPI Tests" */;
			buildPhases = (
				9458FD151B1653EE00E819FB /* Sources */,
				9458FD161B1653EE00E819FB /* Frameworks */,
				9458FD171B1653EE00E819FB /* Resources */,
			);
			buildRules = (
			);
			dependencies = (
			);
			name = "ParseDataAPI Tests";
			productName = "ParseDataAPI Tests";
			productReference = 9458FD191B1653EE00E819FB /* ParseDataAPI Tests.xctest */;
			productType = "com.apple.product-type.bundle.unit-test";
		};
/* End PBXNativeTarget section */

/* Begin PBXProject section */
		9458FCF31B151A4A00E819FB /* Project object */ = {
			isa = PBXProject;
			attributes = {
				LastUpgradeCheck = 0600;
				ORGANIZATIONNAME = "Mariam Dost";
				TargetAttributes = {
					9458FCFA1B151A4A00E819FB = {
						CreatedOnToolsVersion = 6.0.1;
					};
					9458FD051B151A4A00E819FB = {
						CreatedOnToolsVersion = 6.0.1;
					};
					9458FD181B1653EE00E819FB = {
						CreatedOnToolsVersion = 6.0.1;
					};
				};
			};
			buildConfigurationList = 9458FCF61B151A4A00E819FB /* Build configuration list for PBXProject "ParseDataAPI" */;
			compatibilityVersion = "Xcode 3.2";
			developmentRegion = English;
			hasScannedForEncodings = 0;
			knownRegions = (
				en,
			);
			mainGroup = 9458FCF21B151A4A00E819FB;
			productRefGroup = 9458FCFC1B151A4A00E819FB /* Products */;
			projectDirPath = "";
			projectRoot = "";
			targets = (
				9458FCFA1B151A4A00E819FB /* ParseDataAPI */,
				9458FD051B151A4A00E819FB /* ParseDataAPITests */,
				9458FD181B1653EE00E819FB /* ParseDataAPI Tests */,
			);
		};
/* End PBXProject section */

/* Begin PBXResourcesBuildPhase section */
		9458FD041B151A4A00E819FB /* Resources */ = {
			isa = PBXResourcesBuildPhase;
			buildActionMask = 2147483647;
			files = (
			);
			runOnlyForDeploymentPostprocessing = 0;
		};
		9458FD171B1653EE00E819FB /* Resources */ = {
			isa = PBXResourcesBuildPhase;
			buildActionMask = 2147483647;
			files = (
			);
			runOnlyForDeploymentPostprocessing = 0;
		};
/* End PBXResourcesBuildPhase section */

/* Begin PBXSourcesBuildPhase section */
		9458FCF71B151A4A00E819FB /* Sources */ = {
			isa = PBXSourcesBuildPhase;
			buildActionMask = 2147483647;
			files = (
				9419FD4A1B18CCE900756D68 /* CharityProject.m in Sources */,
				94ED61B61B1E54D70045BE29 /* ContactInfoDetails.m in Sources */,
				94ED61AD1B1E44300045BE29 /* FinancialDetails.m in Sources */,
				9458FD131B1619EF00E819FB /* CharitySalaries.m in Sources */,
				94ED619E1B1E032C0045BE29 /* ProvState.m in Sources */,
				94ED61C51B1E5FF80045BE29 /* GiveAPI.m in Sources */,
				9458FD011B151A4A00E819FB /* ParseDataAPI.m in Sources */,
				94ED61C21B1E5C2F0045BE29 /* Info.m in Sources */,
				94ED61A11B1E047B0045BE29 /* CharityFiles.m in Sources */,
				94ED61B31B1E53330045BE29 /* SearchCharities.m in Sources */,
				94ED61A71B1E08860045BE29 /* CharityDetails.m in Sources */,
				94ED61BF1B1E5B4A0045BE29 /* DonationURL.m in Sources */,
			);
			runOnlyForDeploymentPostprocessing = 0;
		};
		9458FD021B151A4A00E819FB /* Sources */ = {
			isa = PBXSourcesBuildPhase;
			buildActionMask = 2147483647;
			files = (
			);
			runOnlyForDeploymentPostprocessing = 0;
		};
		9458FD151B1653EE00E819FB /* Sources */ = {
			isa = PBXSourcesBuildPhase;
			buildActionMask = 2147483647;
			files = (
				9458FD1E1B1653EE00E819FB /* ParseDataAPI_Tests.m in Sources */,
			);
			runOnlyForDeploymentPostprocessing = 0;
		};
/* End PBXSourcesBuildPhase section */

/* Begin XCBuildConfiguration section */
		9458FD0A1B151A4A00E819FB /* Debug */ = {
			isa = XCBuildConfiguration;
			buildSettings = {
				ALWAYS_SEARCH_USER_PATHS = NO;
				CLANG_CXX_LANGUAGE_STANDARD = "gnu++0x";
				CLANG_CXX_LIBRARY = "libc++";
				CLANG_ENABLE_MODULES = YES;
				CLANG_ENABLE_OBJC_ARC = YES;
				CLANG_WARN_BOOL_CONVERSION = YES;
				CLANG_WARN_CONSTANT_CONVERSION = YES;
				CLANG_WARN_DIRECT_OBJC_ISA_USAGE = YES_ERROR;
				CLANG_WARN_EMPTY_BODY = YES;
				CLANG_WARN_ENUM_CONVERSION = YES;
				CLANG_WARN_INT_CONVERSION = YES;
				CLANG_WARN_OBJC_ROOT_CLASS = YES_ERROR;
				CLANG_WARN_UNREACHABLE_CODE = YES;
				CLANG_WARN__DUPLICATE_METHOD_MATCH = YES;
				COPY_PHASE_STRIP = NO;
				ENABLE_STRICT_OBJC_MSGSEND = YES;
				GCC_C_LANGUAGE_STANDARD = gnu99;
				GCC_DYNAMIC_NO_PIC = NO;
				GCC_OPTIMIZATION_LEVEL = 0;
				GCC_PREPROCESSOR_DEFINITIONS = (
					"DEBUG=1",
					"$(inherited)",
				);
				GCC_SYMBOLS_PRIVATE_EXTERN = NO;
				GCC_WARN_64_TO_32_BIT_CONVERSION = YES;
				GCC_WARN_ABOUT_RETURN_TYPE = YES_ERROR;
				GCC_WARN_UNDECLARED_SELECTOR = YES;
				GCC_WARN_UNINITIALIZED_AUTOS = YES_AGGRESSIVE;
				GCC_WARN_UNUSED_FUNCTION = YES;
				GCC_WARN_UNUSED_VARIABLE = YES;
				IPHONEOS_DEPLOYMENT_TARGET = 8.0;
				MTL_ENABLE_DEBUG_INFO = YES;
				ONLY_ACTIVE_ARCH = YES;
				SDKROOT = iphoneos;
			};
			name = Debug;
		};
		9458FD0B1B151A4A00E819FB /* Release */ = {
			isa = XCBuildConfiguration;
			buildSettings = {
				ALWAYS_SEARCH_USER_PATHS = NO;
				CLANG_CXX_LANGUAGE_STANDARD = "gnu++0x";
				CLANG_CXX_LIBRARY = "libc++";
				CLANG_ENABLE_MODULES = YES;
				CLANG_ENABLE_OBJC_ARC = YES;
				CLANG_WARN_BOOL_CONVERSION = YES;
				CLANG_WARN_CONSTANT_CONVERSION = YES;
				CLANG_WARN_DIRECT_OBJC_ISA_USAGE = YES_ERROR;
				CLANG_WARN_EMPTY_BODY = YES;
				CLANG_WARN_ENUM_CONVERSION = YES;
				CLANG_WARN_INT_CONVERSION = YES;
				CLANG_WARN_OBJC_ROOT_CLASS = YES_ERROR;
				CLANG_WARN_UNREACHABLE_CODE = YES;
				CLANG_WARN__DUPLICATE_METHOD_MATCH = YES;
				COPY_PHASE_STRIP = YES;
				ENABLE_NS_ASSERTIONS = NO;
				ENABLE_STRICT_OBJC_MSGSEND = YES;
				GCC_C_LANGUAGE_STANDARD = gnu99;
				GCC_WARN_64_TO_32_BIT_CONVERSION = YES;
				GCC_WARN_ABOUT_RETURN_TYPE = YES_ERROR;
				GCC_WARN_UNDECLARED_SELECTOR = YES;
				GCC_WARN_UNINITIALIZED_AUTOS = YES_AGGRESSIVE;
				GCC_WARN_UNUSED_FUNCTION = YES;
				GCC_WARN_UNUSED_VARIABLE = YES;
				IPHONEOS_DEPLOYMENT_TARGET = 8.0;
				MTL_ENABLE_DEBUG_INFO = NO;
				SDKROOT = iphoneos;
				VALIDATE_PRODUCT = YES;
			};
			name = Release;
		};
		9458FD0D1B151A4A00E819FB /* Debug */ = {
			isa = XCBuildConfiguration;
			buildSettings = {
				OTHER_LDFLAGS = "-ObjC";
				PRODUCT_NAME = "$(TARGET_NAME)";
				SKIP_INSTALL = YES;
			};
			name = Debug;
		};
		9458FD0E1B151A4A00E819FB /* Release */ = {
			isa = XCBuildConfiguration;
			buildSettings = {
				OTHER_LDFLAGS = "-ObjC";
				PRODUCT_NAME = "$(TARGET_NAME)";
				SKIP_INSTALL = YES;
			};
			name = Release;
		};
		9458FD101B151A4A00E819FB /* Debug */ = {
			isa = XCBuildConfiguration;
			buildSettings = {
				FRAMEWORK_SEARCH_PATHS = (
					"$(SDKROOT)/Developer/Library/Frameworks",
					"$(inherited)",
				);
				GCC_PREPROCESSOR_DEFINITIONS = (
					"DEBUG=1",
					"$(inherited)",
				);
				INFOPLIST_FILE = ParseDataAPITests/Info.plist;
				LD_RUNPATH_SEARCH_PATHS = "$(inherited) @executable_path/Frameworks @loader_path/Frameworks";
				PRODUCT_NAME = "$(TARGET_NAME)";
			};
			name = Debug;
		};
		9458FD111B151A4A00E819FB /* Release */ = {
			isa = XCBuildConfiguration;
			buildSettings = {
				FRAMEWORK_SEARCH_PATHS = (
					"$(SDKROOT)/Developer/Library/Frameworks",
					"$(inherited)",
				);
				INFOPLIST_FILE = ParseDataAPITests/Info.plist;
				LD_RUNPATH_SEARCH_PATHS = "$(inherited) @executable_path/Frameworks @loader_path/Frameworks";
				PRODUCT_NAME = "$(TARGET_NAME)";
			};
			name = Release;
		};
		9458FD201B1653EE00E819FB /* Debug */ = {
			isa = XCBuildConfiguration;
			buildSettings = {
				COMBINE_HIDPI_IMAGES = YES;
				FRAMEWORK_SEARCH_PATHS = (
					"$(DEVELOPER_FRAMEWORKS_DIR)",
					"$(inherited)",
				);
				GCC_PREPROCESSOR_DEFINITIONS = (
					"DEBUG=1",
					"$(inherited)",
				);
				INFOPLIST_FILE = "ParseDataAPI Tests/Info.plist";
				LD_RUNPATH_SEARCH_PATHS = "$(inherited) @executable_path/../Frameworks @loader_path/../Frameworks";
				MACOSX_DEPLOYMENT_TARGET = 10.10;
				PRODUCT_NAME = "$(TARGET_NAME)";
				SDKROOT = macosx;
			};
			name = Debug;
		};
		9458FD211B1653EE00E819FB /* Release */ = {
			isa = XCBuildConfiguration;
			buildSettings = {
				COMBINE_HIDPI_IMAGES = YES;
				DEBUG_INFORMATION_FORMAT = "dwarf-with-dsym";
				FRAMEWORK_SEARCH_PATHS = (
					"$(DEVELOPER_FRAMEWORKS_DIR)",
					"$(inherited)",
				);
				INFOPLIST_FILE = "ParseDataAPI Tests/Info.plist";
				LD_RUNPATH_SEARCH_PATHS = "$(inherited) @executable_path/../Frameworks @loader_path/../Frameworks";
				MACOSX_DEPLOYMENT_TARGET = 10.10;
				PRODUCT_NAME = "$(TARGET_NAME)";
				SDKROOT = macosx;
			};
			name = Release;
		};
/* End XCBuildConfiguration section */

/* Begin XCConfigurationList section */
		9458FCF61B151A4A00E819FB /* Build configuration list for PBXProject "ParseDataAPI" */ = {
			isa = XCConfigurationList;
			buildConfigurations = (
				9458FD0A1B151A4A00E819FB /* Debug */,
				9458FD0B1B151A4A00E819FB /* Release */,
			);
			defaultConfigurationIsVisible = 0;
			defaultConfigurationName = Release;
		};
		9458FD0C1B151A4A00E819FB /* Build configuration list for PBXNativeTarget "ParseDataAPI" */ = {
			isa = XCConfigurationList;
			buildConfigurations = (
				9458FD0D1B151A4A00E819FB /* Debug */,
				9458FD0E1B151A4A00E819FB /* Release */,
			);
			defaultConfigurationIsVisible = 0;
			defaultConfigurationName = Release;
		};
		9458FD0F1B151A4A00E819FB /* Build configuration list for PBXNativeTarget "ParseDataAPITests" */ = {
			isa = XCConfigurationList;
			buildConfigurations = (
				9458FD101B151A4A00E819FB /* Debug */,
				9458FD111B151A4A00E819FB /* Release */,
			);
			defaultConfigurationIsVisible = 0;
			defaultConfigurationName = Release;
		};
		9458FD1F1B1653EE00E819FB /* Build configuration list for PBXNativeTarget "ParseDataAPI Tests" */ = {
			isa = XCConfigurationList;
			buildConfigurations = (
				9458FD201B1653EE00E819FB /* Debug */,
				9458FD211B1653EE00E819FB /* Release */,
			);
			defaultConfigurationIsVisible = 0;
			defaultConfigurationName = Release;
		};
/* End XCConfigurationList section */
	};
	rootObject = 9458FCF31B151A4A00E819FB /* Project object */;
}
